
Microsoft Visual Studio Solution File, Format Version 12.00
# Visual Studio 14
VisualStudioVersion = 14.0.25420.1
MinimumVisualStudioVersion = 10.0.40219.1
Project("{8BC9CEB8-8B4A-11D0-8D11-00A0C91BC942}") = "Bang", "Bang.vcxproj", "{E128A2DF-792F-36B4-910E-A2F3A72AC8B9}"
EndProject
Global
	GlobalSection(SolutionConfigurationPlatforms) = preSolution
		EditorDebug|x64 = EditorDebug|x64
		EditorRelease|x64 = EditorRelease|x64
		GameDebug|x64 = GameDebug|x64
		GameRelease|x64 = GameRelease|x64
	EndGlobalSection
	GlobalSection(ProjectConfigurationPlatforms) = postSolution
		{E128A2DF-792F-36B4-910E-A2F3A72AC8B9}.EditorDebug|x64.ActiveCfg = EditorDebug|x64
		{E128A2DF-792F-36B4-910E-A2F3A72AC8B9}.EditorDebug|x64.Build.0 = EditorDebug|x64
		{E128A2DF-792F-36B4-910E-A2F3A72AC8B9}.EditorRelease|x64.ActiveCfg = EditorRelease|x64
		{E128A2DF-792F-36B4-910E-A2F3A72AC8B9}.EditorRelease|x64.Build.0 = EditorRelease|x64
		{E128A2DF-792F-36B4-910E-A2F3A72AC8B9}.GameDebug|x64.ActiveCfg = GameDebug|x64
		{E128A2DF-792F-36B4-910E-A2F3A72AC8B9}.GameDebug|x64.Build.0 = GameDebug|x64
		{E128A2DF-792F-36B4-910E-A2F3A72AC8B9}.GameRelease|x64.ActiveCfg = GameRelease|x64
		{E128A2DF-792F-36B4-910E-A2F3A72AC8B9}.GameRelease|x64.Build.0 = GameRelease|x64
	EndGlobalSection
	GlobalSection(SolutionProperties) = preSolution
		HideSolutionNode = FALSE
	EndGlobalSection
EndGlobal
