
Microsoft Visual Studio Solution File, Format Version 12.00
# Visual Studio 14
VisualStudioVersion = 14.0.25420.1
MinimumVisualStudioVersion = 10.0.40219.1
Project("{059D6162-CD51-11D0-AE1F-00A0C90FFFC3}") = "alut", "alut\alut.dsp", "{36517B27-5983-44BE-9940-BC68D215AC10}"
EndProject
Project("{059D6162-CD51-11D0-AE1F-00A0C90FFFC3}") = "hello_world", "hello_world\hello_world.dsp", "{E6F4EC3A-A964-4147-9B94-44C155898A06}"
	ProjectSection(ProjectDependencies) = postProject
		{36517B27-5983-44BE-9940-BC68D215AC10} = {36517B27-5983-44BE-9940-BC68D215AC10}
	EndProjectSection
EndProject
Project("{059D6162-CD51-11D0-AE1F-00A0C90FFFC3}") = "playfile", "playfile\playfile.dsp", "{BF5106AA-6411-4107-A307-6A467BE1E44E}"
	ProjectSection(ProjectDependencies) = postProject
		{36517B27-5983-44BE-9940-BC68D215AC10} = {36517B27-5983-44BE-9940-BC68D215AC10}
	EndProjectSection
EndProject
Global
	GlobalSection(SolutionProperties) = preSolution
		HideSolutionNode = FALSE
	EndGlobalSection
EndGlobal
